// !$*UTF8*$!
{
	archiveVersion = 1;
	classes = {
	};
	objectVersion = 46;
	objects = {

/* Begin PBXBuildFile section */
		18F5F5151BB6A55E00BA0A5F /* CoreGraphics.framework in Frameworks */ = {isa = PBXBuildFile; fileRef = 18F5F5141BB6A55E00BA0A5F /* CoreGraphics.framework */; };
		18F5F5171BB6A57000BA0A5F /* AssetsLibrary.framework in Frameworks */ = {isa = PBXBuildFile; fileRef = 18F5F5161BB6A57000BA0A5F /* AssetsLibrary.framework */; };
		18F5F5191BB6A5D400BA0A5F /* sample.jpg in Resources */ = {isa = PBXBuildFile; fileRef = 18F5F5181BB6A5D400BA0A5F /* sample.jpg */; settings = {ASSET_TAGS = (); }; };
		18F5F5991BB6DFD800BA0A5F /* ViewController.swift in Sources */ = {isa = PBXBuildFile; fileRef = 18F5F5981BB6DFD800BA0A5F /* ViewController.swift */; settings = {ASSET_TAGS = (); }; };
		B67CCA551BB7410D00EE26DE /* UIImage+OpenCV.mm in Sources */ = {isa = PBXBuildFile; fileRef = B67CCA541BB7410C00EE26DE /* UIImage+OpenCV.mm */; settings = {ASSET_TAGS = (); }; };
		B67CCA5A1BB7416900EE26DE /* CVWrapper.mm in Sources */ = {isa = PBXBuildFile; fileRef = B67CCA581BB7416900EE26DE /* CVWrapper.mm */; settings = {ASSET_TAGS = (); }; };
		B67CCA631BB7611C00EE26DE /* opencv2.framework in Frameworks */ = {isa = PBXBuildFile; fileRef = B67CCA621BB7611C00EE26DE /* opencv2.framework */; settings = {ASSET_TAGS = (); }; };
		B67CCA651BB764CD00EE26DE /* lbpcascade_frontalface.xml in Resources */ = {isa = PBXBuildFile; fileRef = B67CCA641BB764CD00EE26DE /* lbpcascade_frontalface.xml */; settings = {ASSET_TAGS = (); }; };
		B67CCA671BB7975600EE26DE /* haarcascade_frontalface_alt.xml in Resources */ = {isa = PBXBuildFile; fileRef = B67CCA661BB7975600EE26DE /* haarcascade_frontalface_alt.xml */; settings = {ASSET_TAGS = (); }; };
		B68B712D1BB642EC008192E1 /* AppDelegate.swift in Sources */ = {isa = PBXBuildFile; fileRef = B68B712C1BB642EC008192E1 /* AppDelegate.swift */; };
		B68B71321BB642EC008192E1 /* Main.storyboard in Resources */ = {isa = PBXBuildFile; fileRef = B68B71301BB642EC008192E1 /* Main.storyboard */; };
		B68B71341BB642EC008192E1 /* Assets.xcassets in Resources */ = {isa = PBXBuildFile; fileRef = B68B71331BB642EC008192E1 /* Assets.xcassets */; };
		B68B71371BB642EC008192E1 /* LaunchScreen.storyboard in Resources */ = {isa = PBXBuildFile; fileRef = B68B71351BB642EC008192E1 /* LaunchScreen.storyboard */; };
		B6F9C9081BB79DCB00B53771 /* haarcascade_frontalface_alt2.xml in Resources */ = {isa = PBXBuildFile; fileRef = B6F9C9071BB79DCB00B53771 /* haarcascade_frontalface_alt2.xml */; settings = {ASSET_TAGS = (); }; };
/* End PBXBuildFile section */

/* Begin PBXFileReference section */
		18F5F5141BB6A55E00BA0A5F /* CoreGraphics.framework */ = {isa = PBXFileReference; lastKnownFileType = wrapper.framework; name = CoreGraphics.framework; path = System/Library/Frameworks/CoreGraphics.framework; sourceTree = SDKROOT; };
		18F5F5161BB6A57000BA0A5F /* AssetsLibrary.framework */ = {isa = PBXFileReference; lastKnownFileType = wrapper.framework; name = AssetsLibrary.framework; path = System/Library/Frameworks/AssetsLibrary.framework; sourceTree = SDKROOT; };
		18F5F5181BB6A5D400BA0A5F /* sample.jpg */ = {isa = PBXFileReference; lastKnownFileType = image.jpeg; name = sample.jpg; path = tally/sample.jpg; sourceTree = "<group>"; };
		18F5F51A1BB6ADFD00BA0A5F /* ViewController.h */ = {isa = PBXFileReference; fileEncoding = 4; lastKnownFileType = sourcecode.c.h; path = ViewController.h; sourceTree = "<group>"; };
		18F5F51B1BB6AE9300BA0A5F /* ViewController.mm */ = {isa = PBXFileReference; fileEncoding = 4; lastKnownFileType = sourcecode.cpp.objcpp; path = ViewController.mm; sourceTree = "<group>"; };
		18F5F5981BB6DFD800BA0A5F /* ViewController.swift */ = {isa = PBXFileReference; fileEncoding = 4; lastKnownFileType = sourcecode.swift; path = ViewController.swift; sourceTree = "<group>"; };
		B67CCA541BB7410C00EE26DE /* UIImage+OpenCV.mm */ = {isa = PBXFileReference; fileEncoding = 4; lastKnownFileType = sourcecode.cpp.objcpp; path = "UIImage+OpenCV.mm"; sourceTree = "<group>"; };
		B67CCA561BB7411400EE26DE /* UIImage+OpenCV.h */ = {isa = PBXFileReference; lastKnownFileType = sourcecode.c.h; path = "UIImage+OpenCV.h"; sourceTree = "<group>"; };
		B67CCA571BB7416900EE26DE /* CVWrapper.h */ = {isa = PBXFileReference; fileEncoding = 4; lastKnownFileType = sourcecode.c.h; path = CVWrapper.h; sourceTree = "<group>"; };
		B67CCA581BB7416900EE26DE /* CVWrapper.mm */ = {isa = PBXFileReference; fileEncoding = 4; lastKnownFileType = sourcecode.cpp.objcpp; path = CVWrapper.mm; sourceTree = "<group>"; };
		B67CCA591BB7416900EE26DE /* SwiftStitch-Bridging-Header.h */ = {isa = PBXFileReference; fileEncoding = 4; lastKnownFileType = sourcecode.c.h; path = "SwiftStitch-Bridging-Header.h"; sourceTree = "<group>"; };
		B67CCA621BB7611C00EE26DE /* opencv2.framework */ = {isa = PBXFileReference; lastKnownFileType = wrapper.framework; path = opencv2.framework; sourceTree = "<group>"; };
		B67CCA641BB764CD00EE26DE /* lbpcascade_frontalface.xml */ = {isa = PBXFileReference; fileEncoding = 4; lastKnownFileType = text.xml; path = lbpcascade_frontalface.xml; sourceTree = "<group>"; };
		B67CCA661BB7975600EE26DE /* haarcascade_frontalface_alt.xml */ = {isa = PBXFileReference; fileEncoding = 4; lastKnownFileType = text.xml; path = haarcascade_frontalface_alt.xml; sourceTree = "<group>"; };
		B68B71291BB642EC008192E1 /* tally.app */ = {isa = PBXFileReference; explicitFileType = wrapper.application; includeInIndex = 0; path = tally.app; sourceTree = BUILT_PRODUCTS_DIR; };
		B68B712C1BB642EC008192E1 /* AppDelegate.swift */ = {isa = PBXFileReference; lastKnownFileType = sourcecode.swift; path = AppDelegate.swift; sourceTree = "<group>"; };
		B68B71311BB642EC008192E1 /* Base */ = {isa = PBXFileReference; lastKnownFileType = file.storyboard; name = Base; path = Base.lproj/Main.storyboard; sourceTree = "<group>"; };
		B68B71331BB642EC008192E1 /* Assets.xcassets */ = {isa = PBXFileReference; lastKnownFileType = folder.assetcatalog; path = Assets.xcassets; sourceTree = "<group>"; };
		B68B71361BB642EC008192E1 /* Base */ = {isa = PBXFileReference; lastKnownFileType = file.storyboard; name = Base; path = Base.lproj/LaunchScreen.storyboard; sourceTree = "<group>"; };
		B68B71381BB642EC008192E1 /* Info.plist */ = {isa = PBXFileReference; lastKnownFileType = text.plist.xml; path = Info.plist; sourceTree = "<group>"; };
		B6F9C9071BB79DCB00B53771 /* haarcascade_frontalface_alt2.xml */ = {isa = PBXFileReference; fileEncoding = 4; lastKnownFileType = text.xml; path = haarcascade_frontalface_alt2.xml; sourceTree = "<group>"; };
/* End PBXFileReference section */

/* Begin PBXFrameworksBuildPhase section */
		B68B71261BB642EB008192E1 /* Frameworks */ = {
			isa = PBXFrameworksBuildPhase;
			buildActionMask = 2147483647;
			files = (
				B67CCA631BB7611C00EE26DE /* opencv2.framework in Frameworks */,
				18F5F5171BB6A57000BA0A5F /* AssetsLibrary.framework in Frameworks */,
				18F5F5151BB6A55E00BA0A5F /* CoreGraphics.framework in Frameworks */,
			);
			runOnlyForDeploymentPostprocessing = 0;
		};
/* End PBXFrameworksBuildPhase section */

/* Begin PBXGroup section */
		A5554634BD7366428C40DDA8 /* Frameworks */ = {
			isa = PBXGroup;
			children = (
				18F5F5181BB6A5D400BA0A5F /* sample.jpg */,
				B67CCA621BB7611C00EE26DE /* opencv2.framework */,
				18F5F5161BB6A57000BA0A5F /* AssetsLibrary.framework */,
				18F5F5141BB6A55E00BA0A5F /* CoreGraphics.framework */,
			);
			name = Frameworks;
			sourceTree = "<group>";
		};
		B68B71201BB642EB008192E1 = {
			isa = PBXGroup;
			children = (
				B68B712B1BB642EC008192E1 /* tally */,
				B68B712A1BB642EC008192E1 /* Products */,
				A5554634BD7366428C40DDA8 /* Frameworks */,
			);
			sourceTree = "<group>";
		};
		B68B712A1BB642EC008192E1 /* Products */ = {
			isa = PBXGroup;
			children = (
				B68B71291BB642EC008192E1 /* tally.app */,
			);
			name = Products;
			sourceTree = "<group>";
		};
		B68B712B1BB642EC008192E1 /* tally */ = {
			isa = PBXGroup;
			children = (
				B67CCA661BB7975600EE26DE /* haarcascade_frontalface_alt.xml */,
				18F5F5981BB6DFD800BA0A5F /* ViewController.swift */,
				B67CCA561BB7411400EE26DE /* UIImage+OpenCV.h */,
				B67CCA541BB7410C00EE26DE /* UIImage+OpenCV.mm */,
				B6F9C9071BB79DCB00B53771 /* haarcascade_frontalface_alt2.xml */,
				B67CCA571BB7416900EE26DE /* CVWrapper.h */,
				B67CCA581BB7416900EE26DE /* CVWrapper.mm */,
				B67CCA591BB7416900EE26DE /* SwiftStitch-Bridging-Header.h */,
				B68B712C1BB642EC008192E1 /* AppDelegate.swift */,
				B67CCA641BB764CD00EE26DE /* lbpcascade_frontalface.xml */,
				B68B71301BB642EC008192E1 /* Main.storyboard */,
				B68B71331BB642EC008192E1 /* Assets.xcassets */,
				B68B71351BB642EC008192E1 /* LaunchScreen.storyboard */,
				B68B71381BB642EC008192E1 /* Info.plist */,
				18F5F51A1BB6ADFD00BA0A5F /* ViewController.h */,
				18F5F51B1BB6AE9300BA0A5F /* ViewController.mm */,
			);
			path = tally;
			sourceTree = "<group>";
		};
/* End PBXGroup section */

/* Begin PBXNativeTarget section */
		B68B71281BB642EB008192E1 /* tally */ = {
			isa = PBXNativeTarget;
			buildConfigurationList = B68B713B1BB642EC008192E1 /* Build configuration list for PBXNativeTarget "tally" */;
			buildPhases = (
				B68B71251BB642EB008192E1 /* Sources */,
				B68B71261BB642EB008192E1 /* Frameworks */,
				B68B71271BB642EB008192E1 /* Resources */,
			);
			buildRules = (
			);
			dependencies = (
			);
			name = tally;
			productName = tally;
			productReference = B68B71291BB642EC008192E1 /* tally.app */;
			productType = "com.apple.product-type.application";
		};
/* End PBXNativeTarget section */

/* Begin PBXProject section */
		B68B71211BB642EB008192E1 /* Project object */ = {
			isa = PBXProject;
			attributes = {
				LastUpgradeCheck = 0700;
				ORGANIZATIONNAME = "Aniruddha Nadkarni";
				TargetAttributes = {
					B68B71281BB642EB008192E1 = {
						CreatedOnToolsVersion = 7.0;
						DevelopmentTeam = 436QBN96YX;
					};
				};
			};
			buildConfigurationList = B68B71241BB642EB008192E1 /* Build configuration list for PBXProject "tally" */;
			compatibilityVersion = "Xcode 3.2";
			developmentRegion = English;
			hasScannedForEncodings = 0;
			knownRegions = (
				en,
				Base,
			);
			mainGroup = B68B71201BB642EB008192E1;
			productRefGroup = B68B712A1BB642EC008192E1 /* Products */;
			projectDirPath = "";
			projectRoot = "";
			targets = (
				B68B71281BB642EB008192E1 /* tally */,
			);
		};
/* End PBXProject section */

/* Begin PBXResourcesBuildPhase section */
		B68B71271BB642EB008192E1 /* Resources */ = {
			isa = PBXResourcesBuildPhase;
			buildActionMask = 2147483647;
			files = (
				B68B71371BB642EC008192E1 /* LaunchScreen.storyboard in Resources */,
				B6F9C9081BB79DCB00B53771 /* haarcascade_frontalface_alt2.xml in Resources */,
				B68B71341BB642EC008192E1 /* Assets.xcassets in Resources */,
				B68B71321BB642EC008192E1 /* Main.storyboard in Resources */,
				18F5F5191BB6A5D400BA0A5F /* sample.jpg in Resources */,
				B67CCA671BB7975600EE26DE /* haarcascade_frontalface_alt.xml in Resources */,
				B67CCA651BB764CD00EE26DE /* lbpcascade_frontalface.xml in Resources */,
			);
			runOnlyForDeploymentPostprocessing = 0;
		};
/* End PBXResourcesBuildPhase section */

/* Begin PBXSourcesBuildPhase section */
		B68B71251BB642EB008192E1 /* Sources */ = {
			isa = PBXSourcesBuildPhase;
			buildActionMask = 2147483647;
			files = (
				18F5F5991BB6DFD800BA0A5F /* ViewController.swift in Sources */,
				B67CCA5A1BB7416900EE26DE /* CVWrapper.mm in Sources */,
				B68B712D1BB642EC008192E1 /* AppDelegate.swift in Sources */,
				B67CCA551BB7410D00EE26DE /* UIImage+OpenCV.mm in Sources */,
			);
			runOnlyForDeploymentPostprocessing = 0;
		};
/* End PBXSourcesBuildPhase section */

/* Begin PBXVariantGroup section */
		B68B71301BB642EC008192E1 /* Main.storyboard */ = {
			isa = PBXVariantGroup;
			children = (
				B68B71311BB642EC008192E1 /* Base */,
			);
			name = Main.storyboard;
			sourceTree = "<group>";
		};
		B68B71351BB642EC008192E1 /* LaunchScreen.storyboard */ = {
			isa = PBXVariantGroup;
			children = (
				B68B71361BB642EC008192E1 /* Base */,
			);
			name = LaunchScreen.storyboard;
			sourceTree = "<group>";
		};
/* End PBXVariantGroup section */

/* Begin XCBuildConfiguration section */
		B68B71391BB642EC008192E1 /* Debug */ = {
			isa = XCBuildConfiguration;
			buildSettings = {
				ALWAYS_SEARCH_USER_PATHS = NO;
				CLANG_CXX_LANGUAGE_STANDARD = "gnu++0x";
				CLANG_CXX_LIBRARY = "libc++";
				CLANG_ENABLE_MODULES = YES;
				CLANG_ENABLE_OBJC_ARC = YES;
				CLANG_WARN_BOOL_CONVERSION = YES;
				CLANG_WARN_CONSTANT_CONVERSION = YES;
				CLANG_WARN_DIRECT_OBJC_ISA_USAGE = YES_ERROR;
				CLANG_WARN_EMPTY_BODY = YES;
				CLANG_WARN_ENUM_CONVERSION = YES;
				CLANG_WARN_INT_CONVERSION = YES;
				CLANG_WARN_OBJC_ROOT_CLASS = YES_ERROR;
				CLANG_WARN_UNREACHABLE_CODE = YES;
				CLANG_WARN__DUPLICATE_METHOD_MATCH = YES;
				"CODE_SIGN_IDENTITY[sdk=iphoneos*]" = "iPhone Developer";
				COPY_PHASE_STRIP = NO;
				DEBUG_INFORMATION_FORMAT = dwarf;
				ENABLE_STRICT_OBJC_MSGSEND = YES;
				ENABLE_TESTABILITY = YES;
				GCC_C_LANGUAGE_STANDARD = gnu99;
				GCC_DYNAMIC_NO_PIC = NO;
				GCC_NO_COMMON_BLOCKS = YES;
				GCC_OPTIMIZATION_LEVEL = 0;
				GCC_PREPROCESSOR_DEFINITIONS = (
					"DEBUG=1",
					"$(inherited)",
				);
				GCC_WARN_64_TO_32_BIT_CONVERSION = YES;
				GCC_WARN_ABOUT_RETURN_TYPE = YES_ERROR;
				GCC_WARN_UNDECLARED_SELECTOR = YES;
				GCC_WARN_UNINITIALIZED_AUTOS = YES_AGGRESSIVE;
				GCC_WARN_UNUSED_FUNCTION = YES;
				GCC_WARN_UNUSED_VARIABLE = YES;
				IPHONEOS_DEPLOYMENT_TARGET = 9.0;
				MTL_ENABLE_DEBUG_INFO = YES;
				ONLY_ACTIVE_ARCH = YES;
				SDKROOT = iphoneos;
				SWIFT_OPTIMIZATION_LEVEL = "-Onone";
			};
			name = Debug;
		};
		B68B713A1BB642EC008192E1 /* Release */ = {
			isa = XCBuildConfiguration;
			buildSettings = {
				ALWAYS_SEARCH_USER_PATHS = NO;
				CLANG_CXX_LANGUAGE_STANDARD = "gnu++0x";
				CLANG_CXX_LIBRARY = "libc++";
				CLANG_ENABLE_MODULES = YES;
				CLANG_ENABLE_OBJC_ARC = YES;
				CLANG_WARN_BOOL_CONVERSION = YES;
				CLANG_WARN_CONSTANT_CONVERSION = YES;
				CLANG_WARN_DIRECT_OBJC_ISA_USAGE = YES_ERROR;
				CLANG_WARN_EMPTY_BODY = YES;
				CLANG_WARN_ENUM_CONVERSION = YES;
				CLANG_WARN_INT_CONVERSION = YES;
				CLANG_WARN_OBJC_ROOT_CLASS = YES_ERROR;
				CLANG_WARN_UNREACHABLE_CODE = YES;
				CLANG_WARN__DUPLICATE_METHOD_MATCH = YES;
				"CODE_SIGN_IDENTITY[sdk=iphoneos*]" = "iPhone Developer";
				COPY_PHASE_STRIP = NO;
				DEBUG_INFORMATION_FORMAT = "dwarf-with-dsym";
				ENABLE_NS_ASSERTIONS = NO;
				ENABLE_STRICT_OBJC_MSGSEND = YES;
				GCC_C_LANGUAGE_STANDARD = gnu99;
				GCC_NO_COMMON_BLOCKS = YES;
				GCC_WARN_64_TO_32_BIT_CONVERSION = YES;
				GCC_WARN_ABOUT_RETURN_TYPE = YES_ERROR;
				GCC_WARN_UNDECLARED_SELECTOR = YES;
				GCC_WARN_UNINITIALIZED_AUTOS = YES_AGGRESSIVE;
				GCC_WARN_UNUSED_FUNCTION = YES;
				GCC_WARN_UNUSED_VARIABLE = YES;
				IPHONEOS_DEPLOYMENT_TARGET = 9.0;
				MTL_ENABLE_DEBUG_INFO = NO;
				SDKROOT = iphoneos;
				VALIDATE_PRODUCT = YES;
			};
			name = Release;
		};
		B68B713C1BB642EC008192E1 /* Debug */ = {
			isa = XCBuildConfiguration;
			buildSettings = {
				ASSETCATALOG_COMPILER_APPICON_NAME = AppIcon;
				CODE_SIGN_IDENTITY = "iPhone Developer";
				"CODE_SIGN_IDENTITY[sdk=iphoneos*]" = "iPhone Developer";
				ENABLE_BITCODE = NO;
				FRAMEWORK_SEARCH_PATHS = (
					"$(inherited)",
					"$(PROJECT_DIR)",
				);
				INFOPLIST_FILE = tally/Info.plist;
				IPHONEOS_DEPLOYMENT_TARGET = 8.0;
				LD_RUNPATH_SEARCH_PATHS = "$(inherited) @executable_path/Frameworks";
				PRODUCT_BUNDLE_IDENTIFIER = com.anadkarni.tally;
				PRODUCT_NAME = "$(TARGET_NAME)";
				PROVISIONING_PROFILE = "";
				SWIFT_OBJC_BRIDGING_HEADER = "tally/SwiftStitch-Bridging-Header.h";
			};
			name = Debug;
		};
		B68B713D1BB642EC008192E1 /* Release */ = {
			isa = XCBuildConfiguration;
			buildSettings = {
				ASSETCATALOG_COMPILER_APPICON_NAME = AppIcon;
				CODE_SIGN_IDENTITY = "iPhone Developer";
				"CODE_SIGN_IDENTITY[sdk=iphoneos*]" = "iPhone Developer";
				ENABLE_BITCODE = NO;
				FRAMEWORK_SEARCH_PATHS = (
					"$(inherited)",
					"$(PROJECT_DIR)",
				);
				INFOPLIST_FILE = tally/Info.plist;
				IPHONEOS_DEPLOYMENT_TARGET = 8.0;
				LD_RUNPATH_SEARCH_PATHS = "$(inherited) @executable_path/Frameworks";
				PRODUCT_BUNDLE_IDENTIFIER = com.anadkarni.tally;
				PRODUCT_NAME = "$(TARGET_NAME)";
				PROVISIONING_PROFILE = "";
				SWIFT_OBJC_BRIDGING_HEADER = "tally/SwiftStitch-Bridging-Header.h";
			};
			name = Release;
		};
/* End XCBuildConfiguration section */

/* Begin XCConfigurationList section */
		B68B71241BB642EB008192E1 /* Build configuration list for PBXProject "tally" */ = {
			isa = XCConfigurationList;
			buildConfigurations = (
				B68B71391BB642EC008192E1 /* Debug */,
				B68B713A1BB642EC008192E1 /* Release */,
			);
			defaultConfigurationIsVisible = 0;
			defaultConfigurationName = Release;
		};
		B68B713B1BB642EC008192E1 /* Build configuration list for PBXNativeTarget "tally" */ = {
			isa = XCConfigurationList;
			buildConfigurations = (
				B68B713C1BB642EC008192E1 /* Debug */,
				B68B713D1BB642EC008192E1 /* Release */,
			);
			defaultConfigurationIsVisible = 0;
			defaultConfigurationName = Release;
		};
/* End XCConfigurationList section */
	};
	rootObject = B68B71211BB642EB008192E1 /* Project object */;
}
